<?xml version="1.0" encoding="utf-8"?>
<Project ToolsVersion="4.0" xmlns="http://schemas.microsoft.com/developer/msbuild/2003">
  <ItemGroup>
    <ClCompile Include="Actor.cpp" />
    <ClCompile Include="StudentWorld.cpp" />
    <ClCompile Include="GameController.cpp" />
    <ClCompile Include="GameWorld.cpp" />
    <ClCompile Include="main.cpp" />
  </ItemGroup>
  <ItemGroup>
    <ClInclude Include="Actor.h" />
    <ClInclude Include="StudentWorld.h" />
    <ClInclude Include="GameConstants.h" />
    <ClInclude Include="GameController.h" />
    <ClInclude Include="GameWorld.h" />
    <ClInclude Include="GraphObject.h" />
    <ClInclude Include="SoundFX.h" />
    <ClInclude Include="SpriteManager.h" />
    <ClInclude Include="freeglut.h" />
    <ClInclude Include="freeglut_std.h" />
    <ClInclude Include="freeglut_ext.h" />
  </ItemGroup>
  <ItemGroup>
    <Filter Include="Unused CPP files">
      <UniqueIdentifier>{f6022396-7c9c-438e-9612-e276eeffda77}</UniqueIdentifier>
    </Filter>
  </ItemGroup>
</Project>